%{"beam_toolbox_data": {:git, "git://github.com/knewter/beam_toolbox_data.git", "64ac9210f011105259ca9a23d4235efab46f71ce", []},
  "cadfaerl": {:git, "git://github.com/ddossot/cadfaerl.git", "2be603d0aa7aca9a42e61534807c996c3cbd7be2", []},
  "conform": {:hex, :conform, "0.10.5"},
  "cowboy": {:hex, :cowboy, "1.0.0"},
  "cowlib": {:hex, :cowlib, "1.0.0"},
  "decimal": {:git, "git://github.com/ericmj/decimal.git", "31b27bc246793839e305b151f0adbdf2ee07ec57", []},
  "ecto": {:git, "git://github.com/elixir-lang/ecto.git", "6b37ac9eeb60537fb97bf2e672a48c62fc390bf1", []},
  "exrm": {:hex, :exrm, "0.14.11"},
  "hackney": {:git, "git://github.com/benoitc/hackney.git", "1197903b4ae5d8541dac3216947ce81986ea6eb9", []},
  "hex_client": {:git, "git://github.com/knewter/hex_client.git", "9ec83d8608aa2f3286ff8b84f63b63e3ba414c19", []},
  "hoedown": {:git, "git://github.com/hoedown/hoedown.git", "4e1b16cfab1f99191f5dd9b9498df4162fd44ff9", []},
  "httpoison": {:hex, :httpoison, "0.3.2"},
  "idna": {:git, "git://github.com/benoitc/erlang-idna.git", "5089240e653ce254273da9cff57952a60b1d2c51", [tag: "1.0.1"]},
  "jsex": {:hex, :jsex, "2.0.0"},
  "jsx": {:hex, :jsx, "2.1.1"},
  "linguist": {:hex, :linguist, "0.1.2"},
  "markdown": {:git, "git://github.com/devinus/markdown.git", "a428908a6dd88f351775d1d3da530a1a2aa0d6cb", []},
  "phoenix": {:hex, :phoenix, "0.4.1"},
  "plug": {:hex, :plug, "0.7.0"},
  "poison": {:hex, :poison, "1.1.1"},
  "poolboy": {:git, "git://github.com/devinus/poolboy.git", "8222fef745bf157d437a5bb3f4001d50c7146c61", []},
  "postgrex": {:git, "git://github.com/ericmj/postgrex.git", "4dcb376d9846b327237ecd1d32a2f1fdf32a810d", []},
  "ranch": {:hex, :ranch, "1.0.0"}}
