%{"beam_toolbox_data": {:git, "git://github.com/knewter/beam_toolbox_data.git", "d6fd7cf944dd6c7ae81da11229f2644364d001b8", []},
  "cadfaerl": {:git, "git://github.com/ddossot/cadfaerl.git", "2be603d0aa7aca9a42e61534807c996c3cbd7be2", []},
  "cowboy": {:package, "1.0.0"},
  "cowlib": {:package, "1.0.0"},
  "decimal": {:git, "git://github.com/ericmj/decimal.git", "5d47511cfa4d9049c1a9581df7f804c989ec34c0", []},
  "ecto": {:git, "git://github.com/elixir-lang/ecto.git", "541d5e1d46cd077c450f652a50f2500cc56f199b", []},
  "hackney": {:git, "git://github.com/benoitc/hackney.git", "a83f57ff5bca1938201f110b06db4c08a78e9db6", []},
  "hex_client": {:git, "git://github.com/knewter/hex_client.git", "9ec83d8608aa2f3286ff8b84f63b63e3ba414c19", []},
  "hoedown": {:git, "git://github.com/hoedown/hoedown.git", "27e9e035fc2e2e535650d75a0e6c5eecb35fdccf", []},
  "httpoison": {:package, "0.3.2"},
  "idna": {:git, "git://github.com/benoitc/erlang-idna.git", "5089240e653ce254273da9cff57952a60b1d2c51", [tag: "1.0.1"]},
  "jsex": {:package, "2.0.0"},
  "jsx": {:package, "2.1.1"},
  "linguist": {:package, "0.1.2"},
  "markdown": {:git, "git://github.com/devinus/markdown.git", "a428908a6dd88f351775d1d3da530a1a2aa0d6cb", []},
  "phoenix": {:package, "0.4.1"},
  "plug": {:package, "0.7.0"},
  "poison": {:package, "1.1.1"},
  "poolboy": {:git, "git://github.com/devinus/poolboy.git", "0d4082dff0e46da7e026e4fe3209784e8ec22fea", []},
  "postgrex": {:git, "git://github.com/ericmj/postgrex.git", "844fd92e7a14fdcab69c4a50eac20d06ab94b11d", []},
  "ranch": {:package, "1.0.0"}}
