%{"beam_toolbox_data": {:git, "git://github.com/knewter/beam_toolbox_data.git", "de7af49e22f2a28b22386c256a8255242b613d55", []},
  "cadfaerl": {:git, "git://github.com/ddossot/cadfaerl.git", "2be603d0aa7aca9a42e61534807c996c3cbd7be2", []},
  "cowboy": {:package, "1.0.0"},
  "cowlib": {:package, "1.0.0"},
  "decimal": {:git, "git://github.com/ericmj/decimal.git", "c79af3ba3af64caa510c3337091928cb17af480b", []},
  "earmark": {:package, "0.1.9"},
  "ecto": {:git, "git://github.com/elixir-lang/ecto.git", "f7afe2c8d8a7c9eccfc1d51db6f3682aa08e9c83", []},
  "hackney": {:git, "git://github.com/benoitc/hackney.git", "fd2158b39b0aa139bb90f0c867f246ddfec072e6", []},
  "hex_client": {:git, "git://github.com/knewter/hex_client.git", "9ec83d8608aa2f3286ff8b84f63b63e3ba414c19", []},
  "httpoison": {:package, "0.3.2"},
  "idna": {:git, "git://github.com/benoitc/erlang-idna.git", "21aa158b7f36bf2a000f12fe40d7f21eece9cf65", [tag: "hackney-0.11.2"]},
  "inflex": {:package, "0.2.4"},
  "jazz": {:package, "0.2.0"},
  "jsex": {:package, "2.0.0"},
  "jsx": {:package, "2.0.4"},
  "linguist": {:package, "0.1.1"},
  "phoenix": {:git, "git://github.com/phoenixframework/phoenix.git", "1ab5ba963ce7a70a3091c30745e45137ab6911d0", []},
  "plug": {:package, "0.5.3"},
  "poolboy": {:git, "git://github.com/devinus/poolboy.git", "1d97facfd991f2606ae1d431cb98e624514ed9de", []},
  "postgrex": {:git, "git://github.com/ericmj/postgrex.git", "3c154aceebf6a2936cb3a778bc44cbfe1105f338", []},
  "ranch": {:package, "1.0.0"}}
